// !$*UTF8*$!
{
	archiveVersion = 1;
	classes = {
	};
	objectVersion = 46;
	objects = {

/* Begin PBXBuildFile section */
		61863D4EE0DB283DF3D6C6A0 /* libPods.a in Frameworks */ = {isa = PBXBuildFile; fileRef = 6E2AD95C4D5806869250C55A /* libPods.a */; };
		68A2F56819F7366B009C94CB /* main.m in Sources */ = {isa = PBXBuildFile; fileRef = 68A2F56719F7366B009C94CB /* main.m */; };
		68A2F56B19F7366B009C94CB /* AppDelegate.m in Sources */ = {isa = PBXBuildFile; fileRef = 68A2F56A19F7366B009C94CB /* AppDelegate.m */; };
		68A2F57119F7366B009C94CB /* Main.storyboard in Resources */ = {isa = PBXBuildFile; fileRef = 68A2F56F19F7366B009C94CB /* Main.storyboard */; };
		68A2F57319F7366B009C94CB /* Images.xcassets in Resources */ = {isa = PBXBuildFile; fileRef = 68A2F57219F7366B009C94CB /* Images.xcassets */; };
		68A2F57619F7366B009C94CB /* LaunchScreen.xib in Resources */ = {isa = PBXBuildFile; fileRef = 68A2F57419F7366B009C94CB /* LaunchScreen.xib */; };
		68A2F58219F7366B009C94CB /* JoreTests.m in Sources */ = {isa = PBXBuildFile; fileRef = 68A2F58119F7366B009C94CB /* JoreTests.m */; };
		68A2F58D19F73850009C94CB /* JAlbumListViewController.m in Sources */ = {isa = PBXBuildFile; fileRef = 68A2F58C19F73850009C94CB /* JAlbumListViewController.m */; };
		68A2F59119F73EF7009C94CB /* JDataStore.m in Sources */ = {isa = PBXBuildFile; fileRef = 68A2F59019F73EF7009C94CB /* JDataStore.m */; };
		68A2F59519F73F4C009C94CB /* JPLReachabilityManager.m in Sources */ = {isa = PBXBuildFile; fileRef = 68A2F59419F73F4C009C94CB /* JPLReachabilityManager.m */; };
/* End PBXBuildFile section */

/* Begin PBXContainerItemProxy section */
		68A2F57C19F7366B009C94CB /* PBXContainerItemProxy */ = {
			isa = PBXContainerItemProxy;
			containerPortal = 68A2F55A19F7366B009C94CB /* Project object */;
			proxyType = 1;
			remoteGlobalIDString = 68A2F56119F7366B009C94CB;
			remoteInfo = Jore;
		};
/* End PBXContainerItemProxy section */

/* Begin PBXFileReference section */
		68A2F56219F7366B009C94CB /* Jore.app */ = {isa = PBXFileReference; explicitFileType = wrapper.application; includeInIndex = 0; path = Jore.app; sourceTree = BUILT_PRODUCTS_DIR; };
		68A2F56619F7366B009C94CB /* Info.plist */ = {isa = PBXFileReference; lastKnownFileType = text.plist.xml; path = Info.plist; sourceTree = "<group>"; };
		68A2F56719F7366B009C94CB /* main.m */ = {isa = PBXFileReference; lastKnownFileType = sourcecode.c.objc; path = main.m; sourceTree = "<group>"; };
		68A2F56919F7366B009C94CB /* AppDelegate.h */ = {isa = PBXFileReference; lastKnownFileType = sourcecode.c.h; path = AppDelegate.h; sourceTree = "<group>"; };
		68A2F56A19F7366B009C94CB /* AppDelegate.m */ = {isa = PBXFileReference; lastKnownFileType = sourcecode.c.objc; path = AppDelegate.m; sourceTree = "<group>"; };
		68A2F57019F7366B009C94CB /* Base */ = {isa = PBXFileReference; lastKnownFileType = file.storyboard; name = Base; path = Base.lproj/Main.storyboard; sourceTree = "<group>"; };
		68A2F57219F7366B009C94CB /* Images.xcassets */ = {isa = PBXFileReference; lastKnownFileType = folder.assetcatalog; path = Images.xcassets; sourceTree = "<group>"; };
		68A2F57519F7366B009C94CB /* Base */ = {isa = PBXFileReference; lastKnownFileType = file.xib; name = Base; path = Base.lproj/LaunchScreen.xib; sourceTree = "<group>"; };
		68A2F57B19F7366B009C94CB /* JoreTests.xctest */ = {isa = PBXFileReference; explicitFileType = wrapper.cfbundle; includeInIndex = 0; path = JoreTests.xctest; sourceTree = BUILT_PRODUCTS_DIR; };
		68A2F58019F7366B009C94CB /* Info.plist */ = {isa = PBXFileReference; lastKnownFileType = text.plist.xml; path = Info.plist; sourceTree = "<group>"; };
		68A2F58119F7366B009C94CB /* JoreTests.m */ = {isa = PBXFileReference; lastKnownFileType = sourcecode.c.objc; path = JoreTests.m; sourceTree = "<group>"; };
		68A2F58B19F73850009C94CB /* JAlbumListViewController.h */ = {isa = PBXFileReference; fileEncoding = 4; lastKnownFileType = sourcecode.c.h; name = JAlbumListViewController.h; path = "View Controllers/JAlbumListViewController.h"; sourceTree = "<group>"; };
		68A2F58C19F73850009C94CB /* JAlbumListViewController.m */ = {isa = PBXFileReference; fileEncoding = 4; lastKnownFileType = sourcecode.c.objc; name = JAlbumListViewController.m; path = "View Controllers/JAlbumListViewController.m"; sourceTree = "<group>"; };
		68A2F58F19F73EF7009C94CB /* JDataStore.h */ = {isa = PBXFileReference; fileEncoding = 4; lastKnownFileType = sourcecode.c.h; name = JDataStore.h; path = Stores/JDataStore.h; sourceTree = "<group>"; };
		68A2F59019F73EF7009C94CB /* JDataStore.m */ = {isa = PBXFileReference; fileEncoding = 4; lastKnownFileType = sourcecode.c.objc; name = JDataStore.m; path = Stores/JDataStore.m; sourceTree = "<group>"; };
		68A2F59319F73F4C009C94CB /* JPLReachabilityManager.h */ = {isa = PBXFileReference; fileEncoding = 4; lastKnownFileType = sourcecode.c.h; name = JPLReachabilityManager.h; path = Stores/JPLReachabilityManager.h; sourceTree = "<group>"; };
		68A2F59419F73F4C009C94CB /* JPLReachabilityManager.m */ = {isa = PBXFileReference; fileEncoding = 4; lastKnownFileType = sourcecode.c.objc; name = JPLReachabilityManager.m; path = Stores/JPLReachabilityManager.m; sourceTree = "<group>"; };
		6E2AD95C4D5806869250C55A /* libPods.a */ = {isa = PBXFileReference; explicitFileType = archive.ar; includeInIndex = 0; path = libPods.a; sourceTree = BUILT_PRODUCTS_DIR; };
		B5F3E0B6D002A354A7444AFE /* Pods.debug.xcconfig */ = {isa = PBXFileReference; includeInIndex = 1; lastKnownFileType = text.xcconfig; name = Pods.debug.xcconfig; path = "Pods/Target Support Files/Pods/Pods.debug.xcconfig"; sourceTree = "<group>"; };
		E2AC499722C7E4BBD762AF5A /* Pods.release.xcconfig */ = {isa = PBXFileReference; includeInIndex = 1; lastKnownFileType = text.xcconfig; name = Pods.release.xcconfig; path = "Pods/Target Support Files/Pods/Pods.release.xcconfig"; sourceTree = "<group>"; };
/* End PBXFileReference section */

/* Begin PBXFrameworksBuildPhase section */
		68A2F55F19F7366B009C94CB /* Frameworks */ = {
			isa = PBXFrameworksBuildPhase;
			buildActionMask = 2147483647;
			files = (
				61863D4EE0DB283DF3D6C6A0 /* libPods.a in Frameworks */,
			);
			runOnlyForDeploymentPostprocessing = 0;
		};
		68A2F57819F7366B009C94CB /* Frameworks */ = {
			isa = PBXFrameworksBuildPhase;
			buildActionMask = 2147483647;
			files = (
			);
			runOnlyForDeploymentPostprocessing = 0;
		};
/* End PBXFrameworksBuildPhase section */

/* Begin PBXGroup section */
		14D432F54A48D95C6BFD57C4 /* Frameworks */ = {
			isa = PBXGroup;
			children = (
				6E2AD95C4D5806869250C55A /* libPods.a */,
			);
			name = Frameworks;
			sourceTree = "<group>";
		};
		68A2F55919F7366B009C94CB = {
			isa = PBXGroup;
			children = (
				68A2F56419F7366B009C94CB /* Jore */,
				68A2F57E19F7366B009C94CB /* JoreTests */,
				68A2F56319F7366B009C94CB /* Products */,
				E72C268134A6DB24BB2E4D86 /* Pods */,
				14D432F54A48D95C6BFD57C4 /* Frameworks */,
			);
			sourceTree = "<group>";
		};
		68A2F56319F7366B009C94CB /* Products */ = {
			isa = PBXGroup;
			children = (
				68A2F56219F7366B009C94CB /* Jore.app */,
				68A2F57B19F7366B009C94CB /* JoreTests.xctest */,
			);
			name = Products;
			sourceTree = "<group>";
		};
		68A2F56419F7366B009C94CB /* Jore */ = {
			isa = PBXGroup;
			children = (
				68A2F56F19F7366B009C94CB /* Main.storyboard */,
				68A2F57219F7366B009C94CB /* Images.xcassets */,
				68A2F57419F7366B009C94CB /* LaunchScreen.xib */,
				68A2F59219F73EFA009C94CB /* Stores */,
				68A2F58E19F73855009C94CB /* View Controllers */,
				68A2F56519F7366B009C94CB /* Supporting Files */,
			);
			path = Jore;
			sourceTree = "<group>";
		};
		68A2F56519F7366B009C94CB /* Supporting Files */ = {
			isa = PBXGroup;
			children = (
				68A2F56919F7366B009C94CB /* AppDelegate.h */,
				68A2F56A19F7366B009C94CB /* AppDelegate.m */,
				68A2F56619F7366B009C94CB /* Info.plist */,
				68A2F56719F7366B009C94CB /* main.m */,
			);
			name = "Supporting Files";
			sourceTree = "<group>";
		};
		68A2F57E19F7366B009C94CB /* JoreTests */ = {
			isa = PBXGroup;
			children = (
				68A2F58119F7366B009C94CB /* JoreTests.m */,
				68A2F57F19F7366B009C94CB /* Supporting Files */,
			);
			path = JoreTests;
			sourceTree = "<group>";
		};
		68A2F57F19F7366B009C94CB /* Supporting Files */ = {
			isa = PBXGroup;
			children = (
				68A2F58019F7366B009C94CB /* Info.plist */,
			);
			name = "Supporting Files";
			sourceTree = "<group>";
		};
		68A2F58E19F73855009C94CB /* View Controllers */ = {
			isa = PBXGroup;
			children = (
				68A2F58B19F73850009C94CB /* JAlbumListViewController.h */,
				68A2F58C19F73850009C94CB /* JAlbumListViewController.m */,
			);
			name = "View Controllers";
			sourceTree = "<group>";
		};
		68A2F59219F73EFA009C94CB /* Stores */ = {
			isa = PBXGroup;
			children = (
				68A2F59319F73F4C009C94CB /* JPLReachabilityManager.h */,
				68A2F59419F73F4C009C94CB /* JPLReachabilityManager.m */,
				68A2F58F19F73EF7009C94CB /* JDataStore.h */,
				68A2F59019F73EF7009C94CB /* JDataStore.m */,
			);
			name = Stores;
			sourceTree = "<group>";
		};
		E72C268134A6DB24BB2E4D86 /* Pods */ = {
			isa = PBXGroup;
			children = (
				B5F3E0B6D002A354A7444AFE /* Pods.debug.xcconfig */,
				E2AC499722C7E4BBD762AF5A /* Pods.release.xcconfig */,
			);
			name = Pods;
			sourceTree = "<group>";
		};
/* End PBXGroup section */

/* Begin PBXNativeTarget section */
		68A2F56119F7366B009C94CB /* Jore */ = {
			isa = PBXNativeTarget;
			buildConfigurationList = 68A2F58519F7366B009C94CB /* Build configuration list for PBXNativeTarget "Jore" */;
			buildPhases = (
				A78A012AB58D2558815805C9 /* Check Pods Manifest.lock */,
				68A2F55E19F7366B009C94CB /* Sources */,
				68A2F55F19F7366B009C94CB /* Frameworks */,
				68A2F56019F7366B009C94CB /* Resources */,
				E1D2A4CF203F1694C2DC523F /* Copy Pods Resources */,
			);
			buildRules = (
			);
			dependencies = (
			);
			name = Jore;
			productName = Jore;
			productReference = 68A2F56219F7366B009C94CB /* Jore.app */;
			productType = "com.apple.product-type.application";
		};
		68A2F57A19F7366B009C94CB /* JoreTests */ = {
			isa = PBXNativeTarget;
			buildConfigurationList = 68A2F58819F7366B009C94CB /* Build configuration list for PBXNativeTarget "JoreTests" */;
			buildPhases = (
				68A2F57719F7366B009C94CB /* Sources */,
				68A2F57819F7366B009C94CB /* Frameworks */,
				68A2F57919F7366B009C94CB /* Resources */,
			);
			buildRules = (
			);
			dependencies = (
				68A2F57D19F7366B009C94CB /* PBXTargetDependency */,
			);
			name = JoreTests;
			productName = JoreTests;
			productReference = 68A2F57B19F7366B009C94CB /* JoreTests.xctest */;
			productType = "com.apple.product-type.bundle.unit-test";
		};
/* End PBXNativeTarget section */

/* Begin PBXProject section */
		68A2F55A19F7366B009C94CB /* Project object */ = {
			isa = PBXProject;
			attributes = {
				LastUpgradeCheck = 0600;
				ORGANIZATIONNAME = "Josh Lapham";
				TargetAttributes = {
					68A2F56119F7366B009C94CB = {
						CreatedOnToolsVersion = 6.0;
					};
					68A2F57A19F7366B009C94CB = {
						CreatedOnToolsVersion = 6.0;
						TestTargetID = 68A2F56119F7366B009C94CB;
					};
				};
			};
			buildConfigurationList = 68A2F55D19F7366B009C94CB /* Build configuration list for PBXProject "Jore" */;
			compatibilityVersion = "Xcode 3.2";
			developmentRegion = English;
			hasScannedForEncodings = 0;
			knownRegions = (
				en,
				Base,
			);
			mainGroup = 68A2F55919F7366B009C94CB;
			productRefGroup = 68A2F56319F7366B009C94CB /* Products */;
			projectDirPath = "";
			projectRoot = "";
			targets = (
				68A2F56119F7366B009C94CB /* Jore */,
				68A2F57A19F7366B009C94CB /* JoreTests */,
			);
		};
/* End PBXProject section */

/* Begin PBXResourcesBuildPhase section */
		68A2F56019F7366B009C94CB /* Resources */ = {
			isa = PBXResourcesBuildPhase;
			buildActionMask = 2147483647;
			files = (
				68A2F57119F7366B009C94CB /* Main.storyboard in Resources */,
				68A2F57619F7366B009C94CB /* LaunchScreen.xib in Resources */,
				68A2F57319F7366B009C94CB /* Images.xcassets in Resources */,
			);
			runOnlyForDeploymentPostprocessing = 0;
		};
		68A2F57919F7366B009C94CB /* Resources */ = {
			isa = PBXResourcesBuildPhase;
			buildActionMask = 2147483647;
			files = (
			);
			runOnlyForDeploymentPostprocessing = 0;
		};
/* End PBXResourcesBuildPhase section */

/* Begin PBXShellScriptBuildPhase section */
		A78A012AB58D2558815805C9 /* Check Pods Manifest.lock */ = {
			isa = PBXShellScriptBuildPhase;
			buildActionMask = 2147483647;
			files = (
			);
			inputPaths = (
			);
			name = "Check Pods Manifest.lock";
			outputPaths = (
			);
			runOnlyForDeploymentPostprocessing = 0;
			shellPath = /bin/sh;
			shellScript = "diff \"${PODS_ROOT}/../Podfile.lock\" \"${PODS_ROOT}/Manifest.lock\" > /dev/null\nif [[ $? != 0 ]] ; then\n    cat << EOM\nerror: The sandbox is not in sync with the Podfile.lock. Run 'pod install' or update your CocoaPods installation.\nEOM\n    exit 1\nfi\n";
			showEnvVarsInLog = 0;
		};
		E1D2A4CF203F1694C2DC523F /* Copy Pods Resources */ = {
			isa = PBXShellScriptBuildPhase;
			buildActionMask = 2147483647;
			files = (
			);
			inputPaths = (
			);
			name = "Copy Pods Resources";
			outputPaths = (
			);
			runOnlyForDeploymentPostprocessing = 0;
			shellPath = /bin/sh;
			shellScript = "\"${SRCROOT}/Pods/Target Support Files/Pods/Pods-resources.sh\"\n";
			showEnvVarsInLog = 0;
		};
/* End PBXShellScriptBuildPhase section */

/* Begin PBXSourcesBuildPhase section */
		68A2F55E19F7366B009C94CB /* Sources */ = {
			isa = PBXSourcesBuildPhase;
			buildActionMask = 2147483647;
			files = (
				68A2F59519F73F4C009C94CB /* JPLReachabilityManager.m in Sources */,
				68A2F59119F73EF7009C94CB /* JDataStore.m in Sources */,
				68A2F56B19F7366B009C94CB /* AppDelegate.m in Sources */,
				68A2F56819F7366B009C94CB /* main.m in Sources */,
				68A2F58D19F73850009C94CB /* JAlbumListViewController.m in Sources */,
			);
			runOnlyForDeploymentPostprocessing = 0;
		};
		68A2F57719F7366B009C94CB /* Sources */ = {
			isa = PBXSourcesBuildPhase;
			buildActionMask = 2147483647;
			files = (
				68A2F58219F7366B009C94CB /* JoreTests.m in Sources */,
			);
			runOnlyForDeploymentPostprocessing = 0;
		};
/* End PBXSourcesBuildPhase section */

/* Begin PBXTargetDependency section */
		68A2F57D19F7366B009C94CB /* PBXTargetDependency */ = {
			isa = PBXTargetDependency;
			target = 68A2F56119F7366B009C94CB /* Jore */;
			targetProxy = 68A2F57C19F7366B009C94CB /* PBXContainerItemProxy */;
		};
/* End PBXTargetDependency section */

/* Begin PBXVariantGroup section */
		68A2F56F19F7366B009C94CB /* Main.storyboard */ = {
			isa = PBXVariantGroup;
			children = (
				68A2F57019F7366B009C94CB /* Base */,
			);
			name = Main.storyboard;
			sourceTree = "<group>";
		};
		68A2F57419F7366B009C94CB /* LaunchScreen.xib */ = {
			isa = PBXVariantGroup;
			children = (
				68A2F57519F7366B009C94CB /* Base */,
			);
			name = LaunchScreen.xib;
			sourceTree = "<group>";
		};
/* End PBXVariantGroup section */

/* Begin XCBuildConfiguration section */
		68A2F58319F7366B009C94CB /* Debug */ = {
			isa = XCBuildConfiguration;
			buildSettings = {
				ALWAYS_SEARCH_USER_PATHS = NO;
				CLANG_CXX_LANGUAGE_STANDARD = "gnu++0x";
				CLANG_CXX_LIBRARY = "libc++";
				CLANG_ENABLE_MODULES = YES;
				CLANG_ENABLE_OBJC_ARC = YES;
				CLANG_WARN_BOOL_CONVERSION = YES;
				CLANG_WARN_CONSTANT_CONVERSION = YES;
				CLANG_WARN_DIRECT_OBJC_ISA_USAGE = YES_ERROR;
				CLANG_WARN_EMPTY_BODY = YES;
				CLANG_WARN_ENUM_CONVERSION = YES;
				CLANG_WARN_INT_CONVERSION = YES;
				CLANG_WARN_OBJC_ROOT_CLASS = YES_ERROR;
				CLANG_WARN_UNREACHABLE_CODE = YES;
				CLANG_WARN__DUPLICATE_METHOD_MATCH = YES;
				"CODE_SIGN_IDENTITY[sdk=iphoneos*]" = "iPhone Developer";
				COPY_PHASE_STRIP = NO;
				ENABLE_STRICT_OBJC_MSGSEND = YES;
				GCC_C_LANGUAGE_STANDARD = gnu99;
				GCC_DYNAMIC_NO_PIC = NO;
				GCC_OPTIMIZATION_LEVEL = 0;
				GCC_PREPROCESSOR_DEFINITIONS = (
					"DEBUG=1",
					"$(inherited)",
				);
				GCC_SYMBOLS_PRIVATE_EXTERN = NO;
				GCC_WARN_64_TO_32_BIT_CONVERSION = YES;
				GCC_WARN_ABOUT_RETURN_TYPE = YES_ERROR;
				GCC_WARN_UNDECLARED_SELECTOR = YES;
				GCC_WARN_UNINITIALIZED_AUTOS = YES_AGGRESSIVE;
				GCC_WARN_UNUSED_FUNCTION = YES;
				GCC_WARN_UNUSED_VARIABLE = YES;
				IPHONEOS_DEPLOYMENT_TARGET = 8.0;
				MTL_ENABLE_DEBUG_INFO = YES;
				ONLY_ACTIVE_ARCH = YES;
				SDKROOT = iphoneos;
			};
			name = Debug;
		};
		68A2F58419F7366B009C94CB /* Release */ = {
			isa = XCBuildConfiguration;
			buildSettings = {
				ALWAYS_SEARCH_USER_PATHS = NO;
				CLANG_CXX_LANGUAGE_STANDARD = "gnu++0x";
				CLANG_CXX_LIBRARY = "libc++";
				CLANG_ENABLE_MODULES = YES;
				CLANG_ENABLE_OBJC_ARC = YES;
				CLANG_WARN_BOOL_CONVERSION = YES;
				CLANG_WARN_CONSTANT_CONVERSION = YES;
				CLANG_WARN_DIRECT_OBJC_ISA_USAGE = YES_ERROR;
				CLANG_WARN_EMPTY_BODY = YES;
				CLANG_WARN_ENUM_CONVERSION = YES;
				CLANG_WARN_INT_CONVERSION = YES;
				CLANG_WARN_OBJC_ROOT_CLASS = YES_ERROR;
				CLANG_WARN_UNREACHABLE_CODE = YES;
				CLANG_WARN__DUPLICATE_METHOD_MATCH = YES;
				"CODE_SIGN_IDENTITY[sdk=iphoneos*]" = "iPhone Developer";
				COPY_PHASE_STRIP = YES;
				ENABLE_NS_ASSERTIONS = NO;
				ENABLE_STRICT_OBJC_MSGSEND = YES;
				GCC_C_LANGUAGE_STANDARD = gnu99;
				GCC_WARN_64_TO_32_BIT_CONVERSION = YES;
				GCC_WARN_ABOUT_RETURN_TYPE = YES_ERROR;
				GCC_WARN_UNDECLARED_SELECTOR = YES;
				GCC_WARN_UNINITIALIZED_AUTOS = YES_AGGRESSIVE;
				GCC_WARN_UNUSED_FUNCTION = YES;
				GCC_WARN_UNUSED_VARIABLE = YES;
				IPHONEOS_DEPLOYMENT_TARGET = 8.0;
				MTL_ENABLE_DEBUG_INFO = NO;
				SDKROOT = iphoneos;
				VALIDATE_PRODUCT = YES;
			};
			name = Release;
		};
		68A2F58619F7366B009C94CB /* Debug */ = {
			isa = XCBuildConfiguration;
			baseConfigurationReference = B5F3E0B6D002A354A7444AFE /* Pods.debug.xcconfig */;
			buildSettings = {
				ASSETCATALOG_COMPILER_APPICON_NAME = AppIcon;
				INFOPLIST_FILE = Jore/Info.plist;
				LD_RUNPATH_SEARCH_PATHS = "$(inherited) @executable_path/Frameworks";
				PRODUCT_NAME = "$(TARGET_NAME)";
			};
			name = Debug;
		};
		68A2F58719F7366B009C94CB /* Release */ = {
			isa = XCBuildConfiguration;
			baseConfigurationReference = E2AC499722C7E4BBD762AF5A /* Pods.release.xcconfig */;
			buildSettings = {
				ASSETCATALOG_COMPILER_APPICON_NAME = AppIcon;
				INFOPLIST_FILE = Jore/Info.plist;
				LD_RUNPATH_SEARCH_PATHS = "$(inherited) @executable_path/Frameworks";
				PRODUCT_NAME = "$(TARGET_NAME)";
			};
			name = Release;
		};
		68A2F58919F7366B009C94CB /* Debug */ = {
			isa = XCBuildConfiguration;
			buildSettings = {
				BUNDLE_LOADER = "$(TEST_HOST)";
				FRAMEWORK_SEARCH_PATHS = (
					"$(SDKROOT)/Developer/Library/Frameworks",
					"$(inherited)",
				);
				GCC_PREPROCESSOR_DEFINITIONS = (
					"DEBUG=1",
					"$(inherited)",
				);
				INFOPLIST_FILE = JoreTests/Info.plist;
				LD_RUNPATH_SEARCH_PATHS = "$(inherited) @executable_path/Frameworks @loader_path/Frameworks";
				PRODUCT_NAME = "$(TARGET_NAME)";
				TEST_HOST = "$(BUILT_PRODUCTS_DIR)/Jore.app/Jore";
			};
			name = Debug;
		};
		68A2F58A19F7366B009C94CB /* Release */ = {
			isa = XCBuildConfiguration;
			buildSettings = {
				BUNDLE_LOADER = "$(TEST_HOST)";
				FRAMEWORK_SEARCH_PATHS = (
					"$(SDKROOT)/Developer/Library/Frameworks",
					"$(inherited)",
				);
				INFOPLIST_FILE = JoreTests/Info.plist;
				LD_RUNPATH_SEARCH_PATHS = "$(inherited) @executable_path/Frameworks @loader_path/Frameworks";
				PRODUCT_NAME = "$(TARGET_NAME)";
				TEST_HOST = "$(BUILT_PRODUCTS_DIR)/Jore.app/Jore";
			};
			name = Release;
		};
/* End XCBuildConfiguration section */

/* Begin XCConfigurationList section */
		68A2F55D19F7366B009C94CB /* Build configuration list for PBXProject "Jore" */ = {
			isa = XCConfigurationList;
			buildConfigurations = (
				68A2F58319F7366B009C94CB /* Debug */,
				68A2F58419F7366B009C94CB /* Release */,
			);
			defaultConfigurationIsVisible = 0;
			defaultConfigurationName = Release;
		};
		68A2F58519F7366B009C94CB /* Build configuration list for PBXNativeTarget "Jore" */ = {
			isa = XCConfigurationList;
			buildConfigurations = (
				68A2F58619F7366B009C94CB /* Debug */,
				68A2F58719F7366B009C94CB /* Release */,
			);
			defaultConfigurationIsVisible = 0;
			defaultConfigurationName = Release;
		};
		68A2F58819F7366B009C94CB /* Build configuration list for PBXNativeTarget "JoreTests" */ = {
			isa = XCConfigurationList;
			buildConfigurations = (
				68A2F58919F7366B009C94CB /* Debug */,
				68A2F58A19F7366B009C94CB /* Release */,
			);
			defaultConfigurationIsVisible = 0;
			defaultConfigurationName = Release;
		};
/* End XCConfigurationList section */
	};
	rootObject = 68A2F55A19F7366B009C94CB /* Project object */;
}
